// !$*UTF8*$!
{
	archiveVersion = 1;
	classes = {
	};
	objectVersion = 50;
	objects = {

/* Begin PBXBuildFile section */
		7129BC7A23DB50E400599813 /* AppDelegate.swift in Sources */ = {isa = PBXBuildFile; fileRef = 7129BC7923DB50E400599813 /* AppDelegate.swift */; };
		7129BC7C23DB50E400599813 /* SceneDelegate.swift in Sources */ = {isa = PBXBuildFile; fileRef = 7129BC7B23DB50E400599813 /* SceneDelegate.swift */; };
		7129BC7E23DB50E400599813 /* ViewController.swift in Sources */ = {isa = PBXBuildFile; fileRef = 7129BC7D23DB50E400599813 /* ViewController.swift */; };
		7129BC8123DB50E400599813 /* Main.storyboard in Resources */ = {isa = PBXBuildFile; fileRef = 7129BC7F23DB50E400599813 /* Main.storyboard */; };
		7129BC8323DB50E700599813 /* Assets.xcassets in Resources */ = {isa = PBXBuildFile; fileRef = 7129BC8223DB50E700599813 /* Assets.xcassets */; };
		7129BC8623DB50E700599813 /* LaunchScreen.storyboard in Resources */ = {isa = PBXBuildFile; fileRef = 7129BC8423DB50E700599813 /* LaunchScreen.storyboard */; };
		7129BC9123DB50E700599813 /* TippyTests.swift in Sources */ = {isa = PBXBuildFile; fileRef = 7129BC9023DB50E700599813 /* TippyTests.swift */; };
/* End PBXBuildFile section */

/* Begin PBXContainerItemProxy section */
		7129BC8D23DB50E700599813 /* PBXContainerItemProxy */ = {
			isa = PBXContainerItemProxy;
			containerPortal = 7129BC6E23DB50E400599813 /* Project object */;
			proxyType = 1;
			remoteGlobalIDString = 7129BC7523DB50E400599813;
			remoteInfo = Tippy;
		};
/* End PBXContainerItemProxy section */

/* Begin PBXFileReference section */
		7129BC7623DB50E400599813 /* Tippy.app */ = {isa = PBXFileReference; explicitFileType = wrapper.application; includeInIndex = 0; path = Tippy.app; sourceTree = BUILT_PRODUCTS_DIR; };
		7129BC7923DB50E400599813 /* AppDelegate.swift */ = {isa = PBXFileReference; lastKnownFileType = sourcecode.swift; path = AppDelegate.swift; sourceTree = "<group>"; };
		7129BC7B23DB50E400599813 /* SceneDelegate.swift */ = {isa = PBXFileReference; lastKnownFileType = sourcecode.swift; path = SceneDelegate.swift; sourceTree = "<group>"; };
		7129BC7D23DB50E400599813 /* ViewController.swift */ = {isa = PBXFileReference; lastKnownFileType = sourcecode.swift; path = ViewController.swift; sourceTree = "<group>"; };
		7129BC8023DB50E400599813 /* Base */ = {isa = PBXFileReference; lastKnownFileType = file.storyboard; name = Base; path = Base.lproj/Main.storyboard; sourceTree = "<group>"; };
		7129BC8223DB50E700599813 /* Assets.xcassets */ = {isa = PBXFileReference; lastKnownFileType = folder.assetcatalog; path = Assets.xcassets; sourceTree = "<group>"; };
		7129BC8523DB50E700599813 /* Base */ = {isa = PBXFileReference; lastKnownFileType = file.storyboard; name = Base; path = Base.lproj/LaunchScreen.storyboard; sourceTree = "<group>"; };
		7129BC8723DB50E700599813 /* Info.plist */ = {isa = PBXFileReference; lastKnownFileType = text.plist.xml; path = Info.plist; sourceTree = "<group>"; };
		7129BC8C23DB50E700599813 /* TippyTests.xctest */ = {isa = PBXFileReference; explicitFileType = wrapper.cfbundle; includeInIndex = 0; path = TippyTests.xctest; sourceTree = BUILT_PRODUCTS_DIR; };
		7129BC9023DB50E700599813 /* TippyTests.swift */ = {isa = PBXFileReference; lastKnownFileType = sourcecode.swift; path = TippyTests.swift; sourceTree = "<group>"; };
		7129BC9223DB50E700599813 /* Info.plist */ = {isa = PBXFileReference; lastKnownFileType = text.plist.xml; path = Info.plist; sourceTree = "<group>"; };
/* End PBXFileReference section */

/* Begin PBXFrameworksBuildPhase section */
		7129BC7323DB50E400599813 /* Frameworks */ = {
			isa = PBXFrameworksBuildPhase;
			buildActionMask = 2147483647;
			files = (
			);
			runOnlyForDeploymentPostprocessing = 0;
		};
		7129BC8923DB50E700599813 /* Frameworks */ = {
			isa = PBXFrameworksBuildPhase;
			buildActionMask = 2147483647;
			files = (
			);
			runOnlyForDeploymentPostprocessing = 0;
		};
/* End PBXFrameworksBuildPhase section */

/* Begin PBXGroup section */
		7129BC6D23DB50E400599813 = {
			isa = PBXGroup;
			children = (
				7129BC7823DB50E400599813 /* Tippy */,
				7129BC8F23DB50E700599813 /* TippyTests */,
				7129BC7723DB50E400599813 /* Products */,
			);
			sourceTree = "<group>";
		};
		7129BC7723DB50E400599813 /* Products */ = {
			isa = PBXGroup;
			children = (
				7129BC7623DB50E400599813 /* Tippy.app */,
				7129BC8C23DB50E700599813 /* TippyTests.xctest */,
			);
			name = Products;
			sourceTree = "<group>";
		};
		7129BC7823DB50E400599813 /* Tippy */ = {
			isa = PBXGroup;
			children = (
				7129BC7923DB50E400599813 /* AppDelegate.swift */,
				7129BC7B23DB50E400599813 /* SceneDelegate.swift */,
				7129BC7D23DB50E400599813 /* ViewController.swift */,
				7129BC7F23DB50E400599813 /* Main.storyboard */,
				7129BC8223DB50E700599813 /* Assets.xcassets */,
				7129BC8423DB50E700599813 /* LaunchScreen.storyboard */,
				7129BC8723DB50E700599813 /* Info.plist */,
			);
			path = Tippy;
			sourceTree = "<group>";
		};
		7129BC8F23DB50E700599813 /* TippyTests */ = {
			isa = PBXGroup;
			children = (
				7129BC9023DB50E700599813 /* TippyTests.swift */,
				7129BC9223DB50E700599813 /* Info.plist */,
			);
			path = TippyTests;
			sourceTree = "<group>";
		};
/* End PBXGroup section */

/* Begin PBXNativeTarget section */
		7129BC7523DB50E400599813 /* Tippy */ = {
			isa = PBXNativeTarget;
			buildConfigurationList = 7129BC9523DB50E700599813 /* Build configuration list for PBXNativeTarget "Tippy" */;
			buildPhases = (
				7129BC7223DB50E400599813 /* Sources */,
				7129BC7323DB50E400599813 /* Frameworks */,
				7129BC7423DB50E400599813 /* Resources */,
			);
			buildRules = (
			);
			dependencies = (
			);
			name = Tippy;
			productName = Tippy;
			productReference = 7129BC7623DB50E400599813 /* Tippy.app */;
			productType = "com.apple.product-type.application";
		};
		7129BC8B23DB50E700599813 /* TippyTests */ = {
			isa = PBXNativeTarget;
			buildConfigurationList = 7129BC9823DB50E700599813 /* Build configuration list for PBXNativeTarget "TippyTests" */;
			buildPhases = (
				7129BC8823DB50E700599813 /* Sources */,
				7129BC8923DB50E700599813 /* Frameworks */,
				7129BC8A23DB50E700599813 /* Resources */,
			);
			buildRules = (
			);
			dependencies = (
				7129BC8E23DB50E700599813 /* PBXTargetDependency */,
			);
			name = TippyTests;
			productName = TippyTests;
			productReference = 7129BC8C23DB50E700599813 /* TippyTests.xctest */;
			productType = "com.apple.product-type.bundle.unit-test";
		};
/* End PBXNativeTarget section */

/* Begin PBXProject section */
		7129BC6E23DB50E400599813 /* Project object */ = {
			isa = PBXProject;
			attributes = {
				LastSwiftUpdateCheck = 1130;
				LastUpgradeCheck = 1130;
				ORGANIZATIONNAME = "Adam Anderson";
				TargetAttributes = {
					7129BC7523DB50E400599813 = {
						CreatedOnToolsVersion = 11.3.1;
					};
					7129BC8B23DB50E700599813 = {
						CreatedOnToolsVersion = 11.3.1;
						TestTargetID = 7129BC7523DB50E400599813;
					};
				};
			};
			buildConfigurationList = 7129BC7123DB50E400599813 /* Build configuration list for PBXProject "Tippy" */;
			compatibilityVersion = "Xcode 9.3";
			developmentRegion = en;
			hasScannedForEncodings = 0;
			knownRegions = (
				en,
				Base,
			);
			mainGroup = 7129BC6D23DB50E400599813;
			productRefGroup = 7129BC7723DB50E400599813 /* Products */;
			projectDirPath = "";
			projectRoot = "";
			targets = (
				7129BC7523DB50E400599813 /* Tippy */,
				7129BC8B23DB50E700599813 /* TippyTests */,
			);
		};
/* End PBXProject section */

/* Begin PBXResourcesBuildPhase section */
		7129BC7423DB50E400599813 /* Resources */ = {
			isa = PBXResourcesBuildPhase;
			buildActionMask = 2147483647;
			files = (
				7129BC8623DB50E700599813 /* LaunchScreen.storyboard in Resources */,
				7129BC8323DB50E700599813 /* Assets.xcassets in Resources */,
				7129BC8123DB50E400599813 /* Main.storyboard in Resources */,
			);
			runOnlyForDeploymentPostprocessing = 0;
		};
		7129BC8A23DB50E700599813 /* Resources */ = {
			isa = PBXResourcesBuildPhase;
			buildActionMask = 2147483647;
			files = (
			);
			runOnlyForDeploymentPostprocessing = 0;
		};
/* End PBXResourcesBuildPhase section */

/* Begin PBXSourcesBuildPhase section */
		7129BC7223DB50E400599813 /* Sources */ = {
			isa = PBXSourcesBuildPhase;
			buildActionMask = 2147483647;
			files = (
				7129BC7E23DB50E400599813 /* ViewController.swift in Sources */,
				7129BC7A23DB50E400599813 /* AppDelegate.swift in Sources */,
				7129BC7C23DB50E400599813 /* SceneDelegate.swift in Sources */,
			);
			runOnlyForDeploymentPostprocessing = 0;
		};
		7129BC8823DB50E700599813 /* Sources */ = {
			isa = PBXSourcesBuildPhase;
			buildActionMask = 2147483647;
			files = (
				7129BC9123DB50E700599813 /* TippyTests.swift in Sources */,
			);
			runOnlyForDeploymentPostprocessing = 0;
		};
/* End PBXSourcesBuildPhase section */

/* Begin PBXTargetDependency section */
		7129BC8E23DB50E700599813 /* PBXTargetDependency */ = {
			isa = PBXTargetDependency;
			target = 7129BC7523DB50E400599813 /* Tippy */;
			targetProxy = 7129BC8D23DB50E700599813 /* PBXContainerItemProxy */;
		};
/* End PBXTargetDependency section */

/* Begin PBXVariantGroup section */
		7129BC7F23DB50E400599813 /* Main.storyboard */ = {
			isa = PBXVariantGroup;
			children = (
				7129BC8023DB50E400599813 /* Base */,
			);
			name = Main.storyboard;
			sourceTree = "<group>";
		};
		7129BC8423DB50E700599813 /* LaunchScreen.storyboard */ = {
			isa = PBXVariantGroup;
			children = (
				7129BC8523DB50E700599813 /* Base */,
			);
			name = LaunchScreen.storyboard;
			sourceTree = "<group>";
		};
/* End PBXVariantGroup section */

/* Begin XCBuildConfiguration section */
		7129BC9323DB50E700599813 /* Debug */ = {
			isa = XCBuildConfiguration;
			buildSettings = {
				ALWAYS_SEARCH_USER_PATHS = NO;
				CLANG_ANALYZER_NONNULL = YES;
				CLANG_ANALYZER_NUMBER_OBJECT_CONVERSION = YES_AGGRESSIVE;
				CLANG_CXX_LANGUAGE_STANDARD = "gnu++14";
				CLANG_CXX_LIBRARY = "libc++";
				CLANG_ENABLE_MODULES = YES;
				CLANG_ENABLE_OBJC_ARC = YES;
				CLANG_ENABLE_OBJC_WEAK = YES;
				CLANG_WARN_BLOCK_CAPTURE_AUTORELEASING = YES;
				CLANG_WARN_BOOL_CONVERSION = YES;
				CLANG_WARN_COMMA = YES;
				CLANG_WARN_CONSTANT_CONVERSION = YES;
				CLANG_WARN_DEPRECATED_OBJC_IMPLEMENTATIONS = YES;
				CLANG_WARN_DIRECT_OBJC_ISA_USAGE = YES_ERROR;
				CLANG_WARN_DOCUMENTATION_COMMENTS = YES;
				CLANG_WARN_EMPTY_BODY = YES;
				CLANG_WARN_ENUM_CONVERSION = YES;
				CLANG_WARN_INFINITE_RECURSION = YES;
				CLANG_WARN_INT_CONVERSION = YES;
				CLANG_WARN_NON_LITERAL_NULL_CONVERSION = YES;
				CLANG_WARN_OBJC_IMPLICIT_RETAIN_SELF = YES;
				CLANG_WARN_OBJC_LITERAL_CONVERSION = YES;
				CLANG_WARN_OBJC_ROOT_CLASS = YES_ERROR;
				CLANG_WARN_RANGE_LOOP_ANALYSIS = YES;
				CLANG_WARN_STRICT_PROTOTYPES = YES;
				CLANG_WARN_SUSPICIOUS_MOVE = YES;
				CLANG_WARN_UNGUARDED_AVAILABILITY = YES_AGGRESSIVE;
				CLANG_WARN_UNREACHABLE_CODE = YES;
				CLANG_WARN__DUPLICATE_METHOD_MATCH = YES;
				COPY_PHASE_STRIP = NO;
				DEBUG_INFORMATION_FORMAT = dwarf;
				ENABLE_STRICT_OBJC_MSGSEND = YES;
				ENABLE_TESTABILITY = YES;
				GCC_C_LANGUAGE_STANDARD = gnu11;
				GCC_DYNAMIC_NO_PIC = NO;
				GCC_NO_COMMON_BLOCKS = YES;
				GCC_OPTIMIZATION_LEVEL = 0;
				GCC_PREPROCESSOR_DEFINITIONS = (
					"DEBUG=1",
					"$(inherited)",
				);
				GCC_WARN_64_TO_32_BIT_CONVERSION = YES;
				GCC_WARN_ABOUT_RETURN_TYPE = YES_ERROR;
				GCC_WARN_UNDECLARED_SELECTOR = YES;
				GCC_WARN_UNINITIALIZED_AUTOS = YES_AGGRESSIVE;
				GCC_WARN_UNUSED_FUNCTION = YES;
				GCC_WARN_UNUSED_VARIABLE = YES;
				IPHONEOS_DEPLOYMENT_TARGET = 13.2;
				MTL_ENABLE_DEBUG_INFO = INCLUDE_SOURCE;
				MTL_FAST_MATH = YES;
				ONLY_ACTIVE_ARCH = YES;
				SDKROOT = iphoneos;
				SWIFT_ACTIVE_COMPILATION_CONDITIONS = DEBUG;
				SWIFT_OPTIMIZATION_LEVEL = "-Onone";
			};
			name = Debug;
		};
		7129BC9423DB50E700599813 /* Release */ = {
			isa = XCBuildConfiguration;
			buildSettings = {
				ALWAYS_SEARCH_USER_PATHS = NO;
				CLANG_ANALYZER_NONNULL = YES;
				CLANG_ANALYZER_NUMBER_OBJECT_CONVERSION = YES_AGGRESSIVE;
				CLANG_CXX_LANGUAGE_STANDARD = "gnu++14";
				CLANG_CXX_LIBRARY = "libc++";
				CLANG_ENABLE_MODULES = YES;
				CLANG_ENABLE_OBJC_ARC = YES;
				CLANG_ENABLE_OBJC_WEAK = YES;
				CLANG_WARN_BLOCK_CAPTURE_AUTORELEASING = YES;
				CLANG_WARN_BOOL_CONVERSION = YES;
				CLANG_WARN_COMMA = YES;
				CLANG_WARN_CONSTANT_CONVERSION = YES;
				CLANG_WARN_DEPRECATED_OBJC_IMPLEMENTATIONS = YES;
				CLANG_WARN_DIRECT_OBJC_ISA_USAGE = YES_ERROR;
				CLANG_WARN_DOCUMENTATION_COMMENTS = YES;
				CLANG_WARN_EMPTY_BODY = YES;
				CLANG_WARN_ENUM_CONVERSION = YES;
				CLANG_WARN_INFINITE_RECURSION = YES;
				CLANG_WARN_INT_CONVERSION = YES;
				CLANG_WARN_NON_LITERAL_NULL_CONVERSION = YES;
				CLANG_WARN_OBJC_IMPLICIT_RETAIN_SELF = YES;
				CLANG_WARN_OBJC_LITERAL_CONVERSION = YES;
				CLANG_WARN_OBJC_ROOT_CLASS = YES_ERROR;
				CLANG_WARN_RANGE_LOOP_ANALYSIS = YES;
				CLANG_WARN_STRICT_PROTOTYPES = YES;
				CLANG_WARN_SUSPICIOUS_MOVE = YES;
				CLANG_WARN_UNGUARDED_AVAILABILITY = YES_AGGRESSIVE;
				CLANG_WARN_UNREACHABLE_CODE = YES;
				CLANG_WARN__DUPLICATE_METHOD_MATCH = YES;
				COPY_PHASE_STRIP = NO;
				DEBUG_INFORMATION_FORMAT = "dwarf-with-dsym";
				ENABLE_NS_ASSERTIONS = NO;
				ENABLE_STRICT_OBJC_MSGSEND = YES;
				GCC_C_LANGUAGE_STANDARD = gnu11;
				GCC_NO_COMMON_BLOCKS = YES;
				GCC_WARN_64_TO_32_BIT_CONVERSION = YES;
				GCC_WARN_ABOUT_RETURN_TYPE = YES_ERROR;
				GCC_WARN_UNDECLARED_SELECTOR = YES;
				GCC_WARN_UNINITIALIZED_AUTOS = YES_AGGRESSIVE;
				GCC_WARN_UNUSED_FUNCTION = YES;
				GCC_WARN_UNUSED_VARIABLE = YES;
				IPHONEOS_DEPLOYMENT_TARGET = 13.2;
				MTL_ENABLE_DEBUG_INFO = NO;
				MTL_FAST_MATH = YES;
				SDKROOT = iphoneos;
				SWIFT_COMPILATION_MODE = wholemodule;
				SWIFT_OPTIMIZATION_LEVEL = "-O";
				VALIDATE_PRODUCT = YES;
			};
			name = Release;
		};
		7129BC9623DB50E700599813 /* Debug */ = {
			isa = XCBuildConfiguration;
			buildSettings = {
				ASSETCATALOG_COMPILER_APPICON_NAME = AppIcon;
				CODE_SIGN_STYLE = Automatic;
				DEVELOPMENT_TEAM = 3Y9DK6PUZE;
				INFOPLIST_FILE = Tippy/Info.plist;
				LD_RUNPATH_SEARCH_PATHS = (
					"$(inherited)",
					"@executable_path/Frameworks",
				);
				PRODUCT_BUNDLE_IDENTIFIER = com.example.Tippy;
				PRODUCT_NAME = "$(TARGET_NAME)";
				SWIFT_VERSION = 5.0;
				TARGETED_DEVICE_FAMILY = "1,2";
			};
			name = Debug;
		};
		7129BC9723DB50E700599813 /* Release */ = {
			isa = XCBuildConfiguration;
			buildSettings = {
				ASSETCATALOG_COMPILER_APPICON_NAME = AppIcon;
				CODE_SIGN_STYLE = Automatic;
				DEVELOPMENT_TEAM = 3Y9DK6PUZE;
				INFOPLIST_FILE = Tippy/Info.plist;
				LD_RUNPATH_SEARCH_PATHS = (
					"$(inherited)",
					"@executable_path/Frameworks",
				);
				PRODUCT_BUNDLE_IDENTIFIER = com.example.Tippy;
				PRODUCT_NAME = "$(TARGET_NAME)";
				SWIFT_VERSION = 5.0;
				TARGETED_DEVICE_FAMILY = "1,2";
			};
			name = Release;
		};
		7129BC9923DB50E700599813 /* Debug */ = {
			isa = XCBuildConfiguration;
			buildSettings = {
				ALWAYS_EMBED_SWIFT_STANDARD_LIBRARIES = YES;
				BUNDLE_LOADER = "$(TEST_HOST)";
				CODE_SIGN_STYLE = Automatic;
				DEVELOPMENT_TEAM = 3Y9DK6PUZE;
				INFOPLIST_FILE = TippyTests/Info.plist;
				IPHONEOS_DEPLOYMENT_TARGET = 13.2;
				LD_RUNPATH_SEARCH_PATHS = (
					"$(inherited)",
					"@executable_path/Frameworks",
					"@loader_path/Frameworks",
				);
				PRODUCT_BUNDLE_IDENTIFIER = com.example.TippyTests;
				PRODUCT_NAME = "$(TARGET_NAME)";
				SWIFT_VERSION = 5.0;
				TARGETED_DEVICE_FAMILY = "1,2";
				TEST_HOST = "$(BUILT_PRODUCTS_DIR)/Tippy.app/Tippy";
			};
			name = Debug;
		};
		7129BC9A23DB50E700599813 /* Release */ = {
			isa = XCBuildConfiguration;
			buildSettings = {
				ALWAYS_EMBED_SWIFT_STANDARD_LIBRARIES = YES;
				BUNDLE_LOADER = "$(TEST_HOST)";
				CODE_SIGN_STYLE = Automatic;
				DEVELOPMENT_TEAM = 3Y9DK6PUZE;
				INFOPLIST_FILE = TippyTests/Info.plist;
				IPHONEOS_DEPLOYMENT_TARGET = 13.2;
				LD_RUNPATH_SEARCH_PATHS = (
					"$(inherited)",
					"@executable_path/Frameworks",
					"@loader_path/Frameworks",
				);
				PRODUCT_BUNDLE_IDENTIFIER = com.example.TippyTests;
				PRODUCT_NAME = "$(TARGET_NAME)";
				SWIFT_VERSION = 5.0;
				TARGETED_DEVICE_FAMILY = "1,2";
				TEST_HOST = "$(BUILT_PRODUCTS_DIR)/Tippy.app/Tippy";
			};
			name = Release;
		};
/* End XCBuildConfiguration section */

/* Begin XCConfigurationList section */
		7129BC7123DB50E400599813 /* Build configuration list for PBXProject "Tippy" */ = {
			isa = XCConfigurationList;
			buildConfigurations = (
				7129BC9323DB50E700599813 /* Debug */,
				7129BC9423DB50E700599813 /* Release */,
			);
			defaultConfigurationIsVisible = 0;
			defaultConfigurationName = Release;
		};
		7129BC9523DB50E700599813 /* Build configuration list for PBXNativeTarget "Tippy" */ = {
			isa = XCConfigurationList;
			buildConfigurations = (
				7129BC9623DB50E700599813 /* Debug */,
				7129BC9723DB50E700599813 /* Release */,
			);
			defaultConfigurationIsVisible = 0;
			defaultConfigurationName = Release;
		};
		7129BC9823DB50E700599813 /* Build configuration list for PBXNativeTarget "TippyTests" */ = {
			isa = XCConfigurationList;
			buildConfigurations = (
				7129BC9923DB50E700599813 /* Debug */,
				7129BC9A23DB50E700599813 /* Release */,
			);
			defaultConfigurationIsVisible = 0;
			defaultConfigurationName = Release;
		};
/* End XCConfigurationList section */
	};
	rootObject = 7129BC6E23DB50E400599813 /* Project object */;
}
